
Microsoft Visual Studio Solution File, Format Version 12.00
# Visual Studio Version 17
VisualStudioVersion = 17.2.32630.192
MinimumVisualStudioVersion = 10.0.40219.1
Project("{FAE04EC0-301F-11D3-BF4B-00C04F79EFBC}") = "NEWS", "NEWS\NEWS.csproj", "{A06C8401-6759-45B0-ACD4-29C8F937637E}"
EndProject
Global
	GlobalSection(SolutionConfigurationPlatforms) = preSolution
		Debug|Any CPU = Debug|Any CPU
		Release|Any CPU = Release|Any CPU
	EndGlobalSection
	GlobalSection(ProjectConfigurationPlatforms) = postSolution
		{A06C8401-6759-45B0-ACD4-29C8F937637E}.Debug|Any CPU.ActiveCfg = Debug|Any CPU
		{A06C8401-6759-45B0-ACD4-29C8F937637E}.Debug|Any CPU.Build.0 = Debug|Any CPU
		{A06C8401-6759-45B0-ACD4-29C8F937637E}.Release|Any CPU.ActiveCfg = Release|Any CPU
		{A06C8401-6759-45B0-ACD4-29C8F937637E}.Release|Any CPU.Build.0 = Release|Any CPU
	EndGlobalSection
	GlobalSection(SolutionProperties) = preSolution
		HideSolutionNode = FALSE
	EndGlobalSection
	GlobalSection(ExtensibilityGlobals) = postSolution
		SolutionGuid = {FBC9CC82-382D-4D03-B0ED-92F188E46F68}
	EndGlobalSection
EndGlobal
